
Microsoft Visual Studio Solution File, Format Version 12.00
# Visual Studio Version 17
VisualStudioVersion = 17.8.34322.80
MinimumVisualStudioVersion = 10.0.40219.1
Project("{FAE04EC0-301F-11D3-BF4B-00C04F79EFBC}") = "homework01", "homework01\homework01.csproj", "{23252FF9-1711-4FC3-B5EE-C8B96DABBDD5}"
EndProject
Global
	GlobalSection(SolutionConfigurationPlatforms) = preSolution
		Debug|Any CPU = Debug|Any CPU
		Release|Any CPU = Release|Any CPU
	EndGlobalSection
	GlobalSection(ProjectConfigurationPlatforms) = postSolution
		{23252FF9-1711-4FC3-B5EE-C8B96DABBDD5}.Debug|Any CPU.ActiveCfg = Debug|Any CPU
		{23252FF9-1711-4FC3-B5EE-C8B96DABBDD5}.Debug|Any CPU.Build.0 = Debug|Any CPU
		{23252FF9-1711-4FC3-B5EE-C8B96DABBDD5}.Release|Any CPU.ActiveCfg = Release|Any CPU
		{23252FF9-1711-4FC3-B5EE-C8B96DABBDD5}.Release|Any CPU.Build.0 = Release|Any CPU
	EndGlobalSection
	GlobalSection(SolutionProperties) = preSolution
		HideSolutionNode = FALSE
	EndGlobalSection
	GlobalSection(ExtensibilityGlobals) = postSolution
		SolutionGuid = {0DA5484D-8393-4F8E-B9AA-A2CEB5421E45}
	EndGlobalSection
EndGlobal
